{
  "name": "howler",
  "lockfileVersion": 3,
  "requires": true,
  "packages": {
    "": {
      "dependencies": {
        "baffle": "^0.3.6"
      }
    },
    "node_modules/baffle": {
      "version": "0.3.6",
      "resolved": "https://registry.npmjs.org/baffle/-/baffle-0.3.6.tgz",
      "integrity": "sha512-EAae8dURqcjcuQOXdU69vvLX50NobtFyPwhCZGd40sz220E+4b47X8I24Uuj44bYoIY7ieNdgrtvhFdZM5/qag==",
      "license": "MIT"
    }
  }
}
